
Microsoft Visual Studio Solution File, Format Version 12.00
# Visual Studio Version 16
VisualStudioVersion = 16.0.32901.82
MinimumVisualStudioVersion = 10.0.40219.1
Project("{8BC9CEB8-8B4A-11D0-8D11-00A0C91BC942}") = "DirectXWrapper", "DirectXWrapper\DirectXWrapper.vcxproj", "{A9D9DFE9-9CA7-4FBC-9581-F058DB19E03C}"
EndProject
Project("{FAE04EC0-301F-11D3-BF4B-00C04F79EFBC}") = "Viewer", "Viewer\Viewer.csproj", "{C0E919F5-678A-40EE-9952-C57500A102AF}"
	ProjectSection(ProjectDependencies) = postProject
		{A9D9DFE9-9CA7-4FBC-9581-F058DB19E03C} = {A9D9DFE9-9CA7-4FBC-9581-F058DB19E03C}
	EndProjectSection
EndProject
Global
	GlobalSection(SolutionConfigurationPlatforms) = preSolution
		Debug|Any CPU = Debug|Any CPU
		Debug|x64 = Debug|x64
		Debug|x86 = Debug|x86
		Release|Any CPU = Release|Any CPU
		Release|x64 = Release|x64
		Release|x86 = Release|x86
	EndGlobalSection
	GlobalSection(ProjectConfigurationPlatforms) = postSolution
		{A9D9DFE9-9CA7-4FBC-9581-F058DB19E03C}.Debug|Any CPU.ActiveCfg = Debug|Win32
		{A9D9DFE9-9CA7-4FBC-9581-F058DB19E03C}.Debug|x64.ActiveCfg = Debug|x64
		{A9D9DFE9-9CA7-4FBC-9581-F058DB19E03C}.Debug|x64.Build.0 = Debug|x64
		{A9D9DFE9-9CA7-4FBC-9581-F058DB19E03C}.Debug|x86.ActiveCfg = Debug|Win32
		{A9D9DFE9-9CA7-4FBC-9581-F058DB19E03C}.Debug|x86.Build.0 = Debug|Win32
		{A9D9DFE9-9CA7-4FBC-9581-F058DB19E03C}.Release|Any CPU.ActiveCfg = Release|Win32
		{A9D9DFE9-9CA7-4FBC-9581-F058DB19E03C}.Release|x64.ActiveCfg = Release|x64
		{A9D9DFE9-9CA7-4FBC-9581-F058DB19E03C}.Release|x64.Build.0 = Release|x64
		{A9D9DFE9-9CA7-4FBC-9581-F058DB19E03C}.Release|x86.ActiveCfg = Release|Win32
		{A9D9DFE9-9CA7-4FBC-9581-F058DB19E03C}.Release|x86.Build.0 = Release|Win32
		{C0E919F5-678A-40EE-9952-C57500A102AF}.Debug|Any CPU.ActiveCfg = Debug|Any CPU
		{C0E919F5-678A-40EE-9952-C57500A102AF}.Debug|Any CPU.Build.0 = Debug|Any CPU
		{C0E919F5-678A-40EE-9952-C57500A102AF}.Debug|x64.ActiveCfg = Debug|Any CPU
		{C0E919F5-678A-40EE-9952-C57500A102AF}.Debug|x64.Build.0 = Debug|Any CPU
		{C0E919F5-678A-40EE-9952-C57500A102AF}.Debug|x86.ActiveCfg = Debug|Any CPU
		{C0E919F5-678A-40EE-9952-C57500A102AF}.Debug|x86.Build.0 = Debug|Any CPU
		{C0E919F5-678A-40EE-9952-C57500A102AF}.Release|Any CPU.ActiveCfg = Release|Any CPU
		{C0E919F5-678A-40EE-9952-C57500A102AF}.Release|Any CPU.Build.0 = Release|Any CPU
		{C0E919F5-678A-40EE-9952-C57500A102AF}.Release|x64.ActiveCfg = Release|Any CPU
		{C0E919F5-678A-40EE-9952-C57500A102AF}.Release|x64.Build.0 = Release|Any CPU
		{C0E919F5-678A-40EE-9952-C57500A102AF}.Release|x86.ActiveCfg = Release|Any CPU
		{C0E919F5-678A-40EE-9952-C57500A102AF}.Release|x86.Build.0 = Release|Any CPU
	EndGlobalSection
	GlobalSection(SolutionProperties) = preSolution
		HideSolutionNode = FALSE
	EndGlobalSection
	GlobalSection(ExtensibilityGlobals) = postSolution
		SolutionGuid = {C580E1F8-A27D-44D5-ABA1-C2DB9F1F01BD}
	EndGlobalSection
EndGlobal
